# This file is automatically @generated by Cargo.
# It is not intended for manual editing.
version = 4

[[package]]
name = "simple-gambling"
version = "0.1.0"
dependencies = [
 "smart-read",
]

[[package]]
name = "smart-read"
version = "0.8.0"
source = "registry+https://github.com/rust-lang/crates.io-index"
checksum = "a29b75ff952d224eebb2f8f00d742a9b3f9289bbee98ed73dc376daaef7a4c03"
